// !$*UTF8*$!
{
	archiveVersion = 1;
	classes = {
	};
	objectVersion = 46;
	objects = {

/* Begin PBXBuildFile section */
		ED1883BC1CD09D0900F9ACD1 /* AppDelegate.swift in Sources */ = {isa = PBXBuildFile; fileRef = ED1883BB1CD09D0900F9ACD1 /* AppDelegate.swift */; };
		ED1883BE1CD09D0900F9ACD1 /* GameScene_OLD.sks in Resources */ = {isa = PBXBuildFile; fileRef = ED1883BD1CD09D0900F9ACD1 /* GameScene_OLD.sks */; };
		ED1883C01CD09D0900F9ACD1 /* GameScene.OLD.swift in Sources */ = {isa = PBXBuildFile; fileRef = ED1883BF1CD09D0900F9ACD1 /* GameScene.OLD.swift */; };
		ED1883C21CD09D0900F9ACD1 /* GameViewController.swift in Sources */ = {isa = PBXBuildFile; fileRef = ED1883C11CD09D0900F9ACD1 /* GameViewController.swift */; };
		ED1883C51CD09D0900F9ACD1 /* Main.storyboard in Resources */ = {isa = PBXBuildFile; fileRef = ED1883C31CD09D0900F9ACD1 /* Main.storyboard */; };
		ED1883C71CD09D0900F9ACD1 /* Assets.xcassets in Resources */ = {isa = PBXBuildFile; fileRef = ED1883C61CD09D0900F9ACD1 /* Assets.xcassets */; };
		ED1883CA1CD09D0900F9ACD1 /* LaunchScreen.storyboard in Resources */ = {isa = PBXBuildFile; fileRef = ED1883C81CD09D0900F9ACD1 /* LaunchScreen.storyboard */; };
		ED1883D51CD09D0900F9ACD1 /* Bruni_The_BearTests.swift in Sources */ = {isa = PBXBuildFile; fileRef = ED1883D41CD09D0900F9ACD1 /* Bruni_The_BearTests.swift */; };
		ED1883E01CD09D0900F9ACD1 /* Bruni_The_BearUITests.swift in Sources */ = {isa = PBXBuildFile; fileRef = ED1883DF1CD09D0900F9ACD1 /* Bruni_The_BearUITests.swift */; };
		ED18841B1CD0B07F00F9ACD1 /* Pause Menu.png in Resources */ = {isa = PBXBuildFile; fileRef = ED1883F11CD0B07F00F9ACD1 /* Pause Menu.png */; };
		ED18841C1CD0B07F00F9ACD1 /* Quit Button 2.png in Resources */ = {isa = PBXBuildFile; fileRef = ED1883F21CD0B07F00F9ACD1 /* Quit Button 2.png */; };
		ED18841D1CD0B07F00F9ACD1 /* Resume Button.png in Resources */ = {isa = PBXBuildFile; fileRef = ED1883F31CD0B07F00F9ACD1 /* Resume Button.png */; };
		ED18841E1CD0B07F00F9ACD1 /* Show Score.png in Resources */ = {isa = PBXBuildFile; fileRef = ED1883F41CD0B07F00F9ACD1 /* Show Score.png */; };
		ED18841F1CD0B07F00F9ACD1 /* Coin.png in Resources */ = {isa = PBXBuildFile; fileRef = ED1883F61CD0B07F00F9ACD1 /* Coin.png */; };
		ED1884201CD0B07F00F9ACD1 /* Life.png in Resources */ = {isa = PBXBuildFile; fileRef = ED1883F71CD0B07F00F9ACD1 /* Life.png */; };
		ED1884211CD0B07F00F9ACD1 /* Cloud 1.png in Resources */ = {isa = PBXBuildFile; fileRef = ED1883F91CD0B07F00F9ACD1 /* Cloud 1.png */; };
		ED1884221CD0B07F00F9ACD1 /* Cloud 2.png in Resources */ = {isa = PBXBuildFile; fileRef = ED1883FA1CD0B07F00F9ACD1 /* Cloud 2.png */; };
		ED1884231CD0B07F00F9ACD1 /* Cloud 3.png in Resources */ = {isa = PBXBuildFile; fileRef = ED1883FB1CD0B07F00F9ACD1 /* Cloud 3.png */; };
		ED1884241CD0B07F00F9ACD1 /* Dark Cloud.png in Resources */ = {isa = PBXBuildFile; fileRef = ED1883FC1CD0B07F00F9ACD1 /* Dark Cloud.png */; };
		ED1884251CD0B07F00F9ACD1 /* blow.ttf in Resources */ = {isa = PBXBuildFile; fileRef = ED1883FE1CD0B07F00F9ACD1 /* blow.ttf */; };
		ED1884261CD0B07F00F9ACD1 /* Background music.mp3 in Resources */ = {isa = PBXBuildFile; fileRef = ED1884001CD0B07F00F9ACD1 /* Background music.mp3 */; };
		ED1884271CD0B07F00F9ACD1 /* Click Sound.wav in Resources */ = {isa = PBXBuildFile; fileRef = ED1884011CD0B07F00F9ACD1 /* Click Sound.wav */; };
		ED1884281CD0B07F00F9ACD1 /* Coin Sound.wav in Resources */ = {isa = PBXBuildFile; fileRef = ED1884021CD0B07F00F9ACD1 /* Coin Sound.wav */; };
		ED1884291CD0B07F00F9ACD1 /* Life Sound.wav in Resources */ = {isa = PBXBuildFile; fileRef = ED1884031CD0B07F00F9ACD1 /* Life Sound.wav */; };
		ED18842A1CD0B07F00F9ACD1 /* Game BG.png in Resources */ = {isa = PBXBuildFile; fileRef = ED1884051CD0B07F00F9ACD1 /* Game BG.png */; };
		ED18842B1CD0B07F00F9ACD1 /* Highscore BG.png in Resources */ = {isa = PBXBuildFile; fileRef = ED1884061CD0B07F00F9ACD1 /* Highscore BG.png */; };
		ED18842C1CD0B07F00F9ACD1 /* Menu BG.png in Resources */ = {isa = PBXBuildFile; fileRef = ED1884071CD0B07F00F9ACD1 /* Menu BG.png */; };
		ED18842D1CD0B07F00F9ACD1 /* Options BG.png in Resources */ = {isa = PBXBuildFile; fileRef = ED1884081CD0B07F00F9ACD1 /* Options BG.png */; };
		ED18842E1CD0B07F00F9ACD1 /* Pause Button.png in Resources */ = {isa = PBXBuildFile; fileRef = ED18840B1CD0B07F00F9ACD1 /* Pause Button.png */; };
		ED18842F1CD0B07F00F9ACD1 /* Ready.png in Resources */ = {isa = PBXBuildFile; fileRef = ED18840C1CD0B07F00F9ACD1 /* Ready.png */; };
		ED1884301CD0B07F00F9ACD1 /* Score.png in Resources */ = {isa = PBXBuildFile; fileRef = ED18840D1CD0B07F00F9ACD1 /* Score.png */; };
		ED1884311CD0B07F00F9ACD1 /* Back Button.png in Resources */ = {isa = PBXBuildFile; fileRef = ED18840F1CD0B07F00F9ACD1 /* Back Button.png */; };
		ED1884321CD0B07F00F9ACD1 /* Check Sign.png in Resources */ = {isa = PBXBuildFile; fileRef = ED1884101CD0B07F00F9ACD1 /* Check Sign.png */; };
		ED1884331CD0B07F00F9ACD1 /* Easy Button.png in Resources */ = {isa = PBXBuildFile; fileRef = ED1884111CD0B07F00F9ACD1 /* Easy Button.png */; };
		ED1884341CD0B07F00F9ACD1 /* Hard Button.png in Resources */ = {isa = PBXBuildFile; fileRef = ED1884121CD0B07F00F9ACD1 /* Hard Button.png */; };
		ED1884351CD0B07F00F9ACD1 /* Medium Button.png in Resources */ = {isa = PBXBuildFile; fileRef = ED1884131CD0B07F00F9ACD1 /* Medium Button.png */; };
		ED1884361CD0B07F00F9ACD1 /* Highscore Button.png in Resources */ = {isa = PBXBuildFile; fileRef = ED1884151CD0B07F00F9ACD1 /* Highscore Button.png */; };
		ED1884371CD0B07F00F9ACD1 /* Music Off Button.png in Resources */ = {isa = PBXBuildFile; fileRef = ED1884161CD0B07F00F9ACD1 /* Music Off Button.png */; };
		ED1884381CD0B07F00F9ACD1 /* Music On Button.png in Resources */ = {isa = PBXBuildFile; fileRef = ED1884171CD0B07F00F9ACD1 /* Music On Button.png */; };
		ED1884391CD0B07F00F9ACD1 /* Options Button.png in Resources */ = {isa = PBXBuildFile; fileRef = ED1884181CD0B07F00F9ACD1 /* Options Button.png */; };
		ED18843A1CD0B07F00F9ACD1 /* Quit Button.png in Resources */ = {isa = PBXBuildFile; fileRef = ED1884191CD0B07F00F9ACD1 /* Quit Button.png */; };
		ED18843B1CD0B07F00F9ACD1 /* Start Game Button.png in Resources */ = {isa = PBXBuildFile; fileRef = ED18841A1CD0B07F00F9ACD1 /* Start Game Button.png */; };
		ED18843E1CD0B2BA00F9ACD1 /* GameplayScene.sks in Resources */ = {isa = PBXBuildFile; fileRef = ED18843D1CD0B2BA00F9ACD1 /* GameplayScene.sks */; };
		ED223A6A1CE5E09300086C85 /* CloudsController.swift in Sources */ = {isa = PBXBuildFile; fileRef = ED223A691CE5E09300086C85 /* CloudsController.swift */; };
		ED332DC51D0A9C5F00C2F266 /* OptionScene.sks in Resources */ = {isa = PBXBuildFile; fileRef = ED332DC41D0A9C5F00C2F266 /* OptionScene.sks */; };
		ED709EBF1CDCC63F0069F81E /* BGClass.swift in Sources */ = {isa = PBXBuildFile; fileRef = ED709EBE1CDCC63F0069F81E /* BGClass.swift */; };
		ED93B6441CD883E600E160A2 /* GameplayScene.swift in Sources */ = {isa = PBXBuildFile; fileRef = ED93B6431CD883E600E160A2 /* GameplayScene.swift */; };
		ED93B6471CD885FB00E160A2 /* Player.swift in Sources */ = {isa = PBXBuildFile; fileRef = ED93B6461CD885FB00E160A2 /* Player.swift */; };
		EDB8E7F81CD8B5DA002F8C41 /* Player 1.png in Resources */ = {isa = PBXBuildFile; fileRef = EDB8E7F01CD8B5DA002F8C41 /* Player 1.png */; };
		EDB8E7F91CD8B5DA002F8C41 /* Player 2.png in Resources */ = {isa = PBXBuildFile; fileRef = EDB8E7F11CD8B5DA002F8C41 /* Player 2.png */; };
		EDB8E7FA1CD8B5DA002F8C41 /* Player 3.png in Resources */ = {isa = PBXBuildFile; fileRef = EDB8E7F21CD8B5DA002F8C41 /* Player 3.png */; };
		EDB8E7FB1CD8B5DA002F8C41 /* Player 4.png in Resources */ = {isa = PBXBuildFile; fileRef = EDB8E7F31CD8B5DA002F8C41 /* Player 4.png */; };
		EDB8E7FC1CD8B5DA002F8C41 /* Player 5.png in Resources */ = {isa = PBXBuildFile; fileRef = EDB8E7F41CD8B5DA002F8C41 /* Player 5.png */; };
		EDB8E7FD1CD8B5DA002F8C41 /* Player 6.png in Resources */ = {isa = PBXBuildFile; fileRef = EDB8E7F51CD8B5DA002F8C41 /* Player 6.png */; };
		EDB8E7FE1CD8B5DA002F8C41 /* Player 7.png in Resources */ = {isa = PBXBuildFile; fileRef = EDB8E7F61CD8B5DA002F8C41 /* Player 7.png */; };
		EDB8E7FF1CD8B5DA002F8C41 /* Player 8.png in Resources */ = {isa = PBXBuildFile; fileRef = EDB8E7F71CD8B5DA002F8C41 /* Player 8.png */; };
		EDC949EC1D0A8FF500EA0F1E /* MainMenuScene.sks in Resources */ = {isa = PBXBuildFile; fileRef = EDC949EB1D0A8FF500EA0F1E /* MainMenuScene.sks */; };
		EDC949EE1D0A956C00EA0F1E /* MainMenuScene.swift in Sources */ = {isa = PBXBuildFile; fileRef = EDC949ED1D0A956C00EA0F1E /* MainMenuScene.swift */; };
		EDC949F01D0A963E00EA0F1E /* HishscoreScene.sks in Resources */ = {isa = PBXBuildFile; fileRef = EDC949EF1D0A963E00EA0F1E /* HishscoreScene.sks */; };
/* End PBXBuildFile section */

/* Begin PBXContainerItemProxy section */
		ED1883D11CD09D0900F9ACD1 /* PBXContainerItemProxy */ = {
			isa = PBXContainerItemProxy;
			containerPortal = ED1883B01CD09D0900F9ACD1 /* Project object */;
			proxyType = 1;
			remoteGlobalIDString = ED1883B71CD09D0900F9ACD1;
			remoteInfo = "Bruni The Bear";
		};
		ED1883DC1CD09D0900F9ACD1 /* PBXContainerItemProxy */ = {
			isa = PBXContainerItemProxy;
			containerPortal = ED1883B01CD09D0900F9ACD1 /* Project object */;
			proxyType = 1;
			remoteGlobalIDString = ED1883B71CD09D0900F9ACD1;
			remoteInfo = "Bruni The Bear";
		};
/* End PBXContainerItemProxy section */

/* Begin PBXFileReference section */
		ED1883B81CD09D0900F9ACD1 /* Bruni The Bear.app */ = {isa = PBXFileReference; explicitFileType = wrapper.application; includeInIndex = 0; path = "Bruni The Bear.app"; sourceTree = BUILT_PRODUCTS_DIR; };
		ED1883BB1CD09D0900F9ACD1 /* AppDelegate.swift */ = {isa = PBXFileReference; lastKnownFileType = sourcecode.swift; path = AppDelegate.swift; sourceTree = "<group>"; };
		ED1883BD1CD09D0900F9ACD1 /* GameScene_OLD.sks */ = {isa = PBXFileReference; lastKnownFileType = file.sks; path = GameScene_OLD.sks; sourceTree = "<group>"; };
		ED1883BF1CD09D0900F9ACD1 /* GameScene.OLD.swift */ = {isa = PBXFileReference; lastKnownFileType = sourcecode.swift; path = GameScene.OLD.swift; sourceTree = "<group>"; };
		ED1883C11CD09D0900F9ACD1 /* GameViewController.swift */ = {isa = PBXFileReference; lastKnownFileType = sourcecode.swift; path = GameViewController.swift; sourceTree = "<group>"; };
		ED1883C41CD09D0900F9ACD1 /* Base */ = {isa = PBXFileReference; lastKnownFileType = file.storyboard; name = Base; path = Base.lproj/Main.storyboard; sourceTree = "<group>"; };
		ED1883C61CD09D0900F9ACD1 /* Assets.xcassets */ = {isa = PBXFileReference; lastKnownFileType = folder.assetcatalog; path = Assets.xcassets; sourceTree = "<group>"; };
		ED1883C91CD09D0900F9ACD1 /* Base */ = {isa = PBXFileReference; lastKnownFileType = file.storyboard; name = Base; path = Base.lproj/LaunchScreen.storyboard; sourceTree = "<group>"; };
		ED1883CB1CD09D0900F9ACD1 /* Info.plist */ = {isa = PBXFileReference; lastKnownFileType = text.plist.xml; path = Info.plist; sourceTree = "<group>"; };
		ED1883D01CD09D0900F9ACD1 /* Bruni The BearTests.xctest */ = {isa = PBXFileReference; explicitFileType = wrapper.cfbundle; includeInIndex = 0; path = "Bruni The BearTests.xctest"; sourceTree = BUILT_PRODUCTS_DIR; };
		ED1883D41CD09D0900F9ACD1 /* Bruni_The_BearTests.swift */ = {isa = PBXFileReference; lastKnownFileType = sourcecode.swift; path = Bruni_The_BearTests.swift; sourceTree = "<group>"; };
		ED1883D61CD09D0900F9ACD1 /* Info.plist */ = {isa = PBXFileReference; lastKnownFileType = text.plist.xml; path = Info.plist; sourceTree = "<group>"; };
		ED1883DB1CD09D0900F9ACD1 /* Bruni The BearUITests.xctest */ = {isa = PBXFileReference; explicitFileType = wrapper.cfbundle; includeInIndex = 0; path = "Bruni The BearUITests.xctest"; sourceTree = BUILT_PRODUCTS_DIR; };
		ED1883DF1CD09D0900F9ACD1 /* Bruni_The_BearUITests.swift */ = {isa = PBXFileReference; lastKnownFileType = sourcecode.swift; path = Bruni_The_BearUITests.swift; sourceTree = "<group>"; };
		ED1883E11CD09D0900F9ACD1 /* Info.plist */ = {isa = PBXFileReference; lastKnownFileType = text.plist.xml; path = Info.plist; sourceTree = "<group>"; };
		ED1883F11CD0B07F00F9ACD1 /* Pause Menu.png */ = {isa = PBXFileReference; lastKnownFileType = image.png; path = "Pause Menu.png"; sourceTree = "<group>"; };
		ED1883F21CD0B07F00F9ACD1 /* Quit Button 2.png */ = {isa = PBXFileReference; lastKnownFileType = image.png; path = "Quit Button 2.png"; sourceTree = "<group>"; };
		ED1883F31CD0B07F00F9ACD1 /* Resume Button.png */ = {isa = PBXFileReference; lastKnownFileType = image.png; path = "Resume Button.png"; sourceTree = "<group>"; };
		ED1883F41CD0B07F00F9ACD1 /* Show Score.png */ = {isa = PBXFileReference; lastKnownFileType = image.png; path = "Show Score.png"; sourceTree = "<group>"; };
		ED1883F61CD0B07F00F9ACD1 /* Coin.png */ = {isa = PBXFileReference; lastKnownFileType = image.png; path = Coin.png; sourceTree = "<group>"; };
		ED1883F71CD0B07F00F9ACD1 /* Life.png */ = {isa = PBXFileReference; lastKnownFileType = image.png; path = Life.png; sourceTree = "<group>"; };
		ED1883F91CD0B07F00F9ACD1 /* Cloud 1.png */ = {isa = PBXFileReference; lastKnownFileType = image.png; path = "Cloud 1.png"; sourceTree = "<group>"; };
		ED1883FA1CD0B07F00F9ACD1 /* Cloud 2.png */ = {isa = PBXFileReference; lastKnownFileType = image.png; path = "Cloud 2.png"; sourceTree = "<group>"; };
		ED1883FB1CD0B07F00F9ACD1 /* Cloud 3.png */ = {isa = PBXFileReference; lastKnownFileType = image.png; path = "Cloud 3.png"; sourceTree = "<group>"; };
		ED1883FC1CD0B07F00F9ACD1 /* Dark Cloud.png */ = {isa = PBXFileReference; lastKnownFileType = image.png; path = "Dark Cloud.png"; sourceTree = "<group>"; };
		ED1883FE1CD0B07F00F9ACD1 /* blow.ttf */ = {isa = PBXFileReference; lastKnownFileType = file; path = blow.ttf; sourceTree = "<group>"; };
		ED1884001CD0B07F00F9ACD1 /* Background music.mp3 */ = {isa = PBXFileReference; lastKnownFileType = audio.mp3; path = "Background music.mp3"; sourceTree = "<group>"; };
		ED1884011CD0B07F00F9ACD1 /* Click Sound.wav */ = {isa = PBXFileReference; lastKnownFileType = audio.wav; path = "Click Sound.wav"; sourceTree = "<group>"; };
		ED1884021CD0B07F00F9ACD1 /* Coin Sound.wav */ = {isa = PBXFileReference; lastKnownFileType = audio.wav; path = "Coin Sound.wav"; sourceTree = "<group>"; };
		ED1884031CD0B07F00F9ACD1 /* Life Sound.wav */ = {isa = PBXFileReference; lastKnownFileType = audio.wav; path = "Life Sound.wav"; sourceTree = "<group>"; };
		ED1884051CD0B07F00F9ACD1 /* Game BG.png */ = {isa = PBXFileReference; lastKnownFileType = image.png; path = "Game BG.png"; sourceTree = "<group>"; };
		ED1884061CD0B07F00F9ACD1 /* Highscore BG.png */ = {isa = PBXFileReference; lastKnownFileType = image.png; path = "Highscore BG.png"; sourceTree = "<group>"; };
		ED1884071CD0B07F00F9ACD1 /* Menu BG.png */ = {isa = PBXFileReference; lastKnownFileType = image.png; path = "Menu BG.png"; sourceTree = "<group>"; };
		ED1884081CD0B07F00F9ACD1 /* Options BG.png */ = {isa = PBXFileReference; lastKnownFileType = image.png; path = "Options BG.png"; sourceTree = "<group>"; };
		ED18840B1CD0B07F00F9ACD1 /* Pause Button.png */ = {isa = PBXFileReference; lastKnownFileType = image.png; path = "Pause Button.png"; sourceTree = "<group>"; };
		ED18840C1CD0B07F00F9ACD1 /* Ready.png */ = {isa = PBXFileReference; lastKnownFileType = image.png; path = Ready.png; sourceTree = "<group>"; };
		ED18840D1CD0B07F00F9ACD1 /* Score.png */ = {isa = PBXFileReference; lastKnownFileType = image.png; path = Score.png; sourceTree = "<group>"; };
		ED18840F1CD0B07F00F9ACD1 /* Back Button.png */ = {isa = PBXFileReference; lastKnownFileType = image.png; path = "Back Button.png"; sourceTree = "<group>"; };
		ED1884101CD0B07F00F9ACD1 /* Check Sign.png */ = {isa = PBXFileReference; lastKnownFileType = image.png; path = "Check Sign.png"; sourceTree = "<group>"; };
		ED1884111CD0B07F00F9ACD1 /* Easy Button.png */ = {isa = PBXFileReference; lastKnownFileType = image.png; path = "Easy Button.png"; sourceTree = "<group>"; };
		ED1884121CD0B07F00F9ACD1 /* Hard Button.png */ = {isa = PBXFileReference; lastKnownFileType = image.png; path = "Hard Button.png"; sourceTree = "<group>"; };
		ED1884131CD0B07F00F9ACD1 /* Medium Button.png */ = {isa = PBXFileReference; lastKnownFileType = image.png; path = "Medium Button.png"; sourceTree = "<group>"; };
		ED1884151CD0B07F00F9ACD1 /* Highscore Button.png */ = {isa = PBXFileReference; lastKnownFileType = image.png; path = "Highscore Button.png"; sourceTree = "<group>"; };
		ED1884161CD0B07F00F9ACD1 /* Music Off Button.png */ = {isa = PBXFileReference; lastKnownFileType = image.png; path = "Music Off Button.png"; sourceTree = "<group>"; };
		ED1884171CD0B07F00F9ACD1 /* Music On Button.png */ = {isa = PBXFileReference; lastKnownFileType = image.png; path = "Music On Button.png"; sourceTree = "<group>"; };
		ED1884181CD0B07F00F9ACD1 /* Options Button.png */ = {isa = PBXFileReference; lastKnownFileType = image.png; path = "Options Button.png"; sourceTree = "<group>"; };
		ED1884191CD0B07F00F9ACD1 /* Quit Button.png */ = {isa = PBXFileReference; lastKnownFileType = image.png; path = "Quit Button.png"; sourceTree = "<group>"; };
		ED18841A1CD0B07F00F9ACD1 /* Start Game Button.png */ = {isa = PBXFileReference; lastKnownFileType = image.png; path = "Start Game Button.png"; sourceTree = "<group>"; };
		ED18843D1CD0B2BA00F9ACD1 /* GameplayScene.sks */ = {isa = PBXFileReference; lastKnownFileType = file.sks; path = GameplayScene.sks; sourceTree = "<group>"; };
		ED223A691CE5E09300086C85 /* CloudsController.swift */ = {isa = PBXFileReference; fileEncoding = 4; lastKnownFileType = sourcecode.swift; path = CloudsController.swift; sourceTree = "<group>"; };
		ED332DC41D0A9C5F00C2F266 /* OptionScene.sks */ = {isa = PBXFileReference; lastKnownFileType = file.sks; path = OptionScene.sks; sourceTree = "<group>"; };
		ED709EBE1CDCC63F0069F81E /* BGClass.swift */ = {isa = PBXFileReference; fileEncoding = 4; lastKnownFileType = sourcecode.swift; path = BGClass.swift; sourceTree = "<group>"; };
		ED93B6431CD883E600E160A2 /* GameplayScene.swift */ = {isa = PBXFileReference; fileEncoding = 4; lastKnownFileType = sourcecode.swift; path = GameplayScene.swift; sourceTree = "<group>"; };
		ED93B6461CD885FB00E160A2 /* Player.swift */ = {isa = PBXFileReference; fileEncoding = 4; lastKnownFileType = sourcecode.swift; path = Player.swift; sourceTree = "<group>"; };
		EDB8E7F01CD8B5DA002F8C41 /* Player 1.png */ = {isa = PBXFileReference; lastKnownFileType = image.png; path = "Player 1.png"; sourceTree = "<group>"; };
		EDB8E7F11CD8B5DA002F8C41 /* Player 2.png */ = {isa = PBXFileReference; lastKnownFileType = image.png; path = "Player 2.png"; sourceTree = "<group>"; };
		EDB8E7F21CD8B5DA002F8C41 /* Player 3.png */ = {isa = PBXFileReference; lastKnownFileType = image.png; path = "Player 3.png"; sourceTree = "<group>"; };
		EDB8E7F31CD8B5DA002F8C41 /* Player 4.png */ = {isa = PBXFileReference; lastKnownFileType = image.png; path = "Player 4.png"; sourceTree = "<group>"; };
		EDB8E7F41CD8B5DA002F8C41 /* Player 5.png */ = {isa = PBXFileReference; lastKnownFileType = image.png; path = "Player 5.png"; sourceTree = "<group>"; };
		EDB8E7F51CD8B5DA002F8C41 /* Player 6.png */ = {isa = PBXFileReference; lastKnownFileType = image.png; path = "Player 6.png"; sourceTree = "<group>"; };
		EDB8E7F61CD8B5DA002F8C41 /* Player 7.png */ = {isa = PBXFileReference; lastKnownFileType = image.png; path = "Player 7.png"; sourceTree = "<group>"; };
		EDB8E7F71CD8B5DA002F8C41 /* Player 8.png */ = {isa = PBXFileReference; lastKnownFileType = image.png; path = "Player 8.png"; sourceTree = "<group>"; };
		EDC949EB1D0A8FF500EA0F1E /* MainMenuScene.sks */ = {isa = PBXFileReference; lastKnownFileType = file.sks; path = MainMenuScene.sks; sourceTree = "<group>"; };
		EDC949ED1D0A956C00EA0F1E /* MainMenuScene.swift */ = {isa = PBXFileReference; fileEncoding = 4; lastKnownFileType = sourcecode.swift; path = MainMenuScene.swift; sourceTree = "<group>"; };
		EDC949EF1D0A963E00EA0F1E /* HishscoreScene.sks */ = {isa = PBXFileReference; lastKnownFileType = file.sks; path = HishscoreScene.sks; sourceTree = "<group>"; };
/* End PBXFileReference section */

/* Begin PBXFrameworksBuildPhase section */
		ED1883B51CD09D0900F9ACD1 /* Frameworks */ = {
			isa = PBXFrameworksBuildPhase;
			buildActionMask = 2147483647;
			files = (
			);
			runOnlyForDeploymentPostprocessing = 0;
		};
		ED1883CD1CD09D0900F9ACD1 /* Frameworks */ = {
			isa = PBXFrameworksBuildPhase;
			buildActionMask = 2147483647;
			files = (
			);
			runOnlyForDeploymentPostprocessing = 0;
		};
		ED1883D81CD09D0900F9ACD1 /* Frameworks */ = {
			isa = PBXFrameworksBuildPhase;
			buildActionMask = 2147483647;
			files = (
			);
			runOnlyForDeploymentPostprocessing = 0;
		};
/* End PBXFrameworksBuildPhase section */

/* Begin PBXGroup section */
		ED1883AF1CD09D0900F9ACD1 = {
			isa = PBXGroup;
			children = (
				ED93B6411CD883BD00E160A2 /* Game Classes */,
				ED18843C1CD0B29900F9ACD1 /* Scenes */,
				ED1883BA1CD09D0900F9ACD1 /* Bruni The Bear */,
				ED1883ED1CD0AFA500F9ACD1 /* Assets */,
				ED1883D31CD09D0900F9ACD1 /* Bruni The BearTests */,
				ED1883DE1CD09D0900F9ACD1 /* Bruni The BearUITests */,
				ED1883B91CD09D0900F9ACD1 /* Products */,
			);
			sourceTree = "<group>";
		};
		ED1883B91CD09D0900F9ACD1 /* Products */ = {
			isa = PBXGroup;
			children = (
				ED1883B81CD09D0900F9ACD1 /* Bruni The Bear.app */,
				ED1883D01CD09D0900F9ACD1 /* Bruni The BearTests.xctest */,
				ED1883DB1CD09D0900F9ACD1 /* Bruni The BearUITests.xctest */,
			);
			name = Products;
			sourceTree = "<group>";
		};
		ED1883BA1CD09D0900F9ACD1 /* Bruni The Bear */ = {
			isa = PBXGroup;
			children = (
				ED1883BB1CD09D0900F9ACD1 /* AppDelegate.swift */,
				ED1883BD1CD09D0900F9ACD1 /* GameScene_OLD.sks */,
				ED1883BF1CD09D0900F9ACD1 /* GameScene.OLD.swift */,
				ED1883C11CD09D0900F9ACD1 /* GameViewController.swift */,
				ED1883C31CD09D0900F9ACD1 /* Main.storyboard */,
				ED1883C61CD09D0900F9ACD1 /* Assets.xcassets */,
				ED1883C81CD09D0900F9ACD1 /* LaunchScreen.storyboard */,
				ED1883CB1CD09D0900F9ACD1 /* Info.plist */,
			);
			path = "Bruni The Bear";
			sourceTree = "<group>";
		};
		ED1883D31CD09D0900F9ACD1 /* Bruni The BearTests */ = {
			isa = PBXGroup;
			children = (
				ED1883D41CD09D0900F9ACD1 /* Bruni_The_BearTests.swift */,
				ED1883D61CD09D0900F9ACD1 /* Info.plist */,
			);
			path = "Bruni The BearTests";
			sourceTree = "<group>";
		};
		ED1883DE1CD09D0900F9ACD1 /* Bruni The BearUITests */ = {
			isa = PBXGroup;
			children = (
				ED1883DF1CD09D0900F9ACD1 /* Bruni_The_BearUITests.swift */,
				ED1883E11CD09D0900F9ACD1 /* Info.plist */,
			);
			path = "Bruni The BearUITests";
			sourceTree = "<group>";
		};
		ED1883ED1CD0AFA500F9ACD1 /* Assets */ = {
			isa = PBXGroup;
			children = (
				EDB8E7EF1CD8B5DA002F8C41 /* Player */,
				ED1883F01CD0B07F00F9ACD1 /* 1 - Pause Panel And Buttons */,
				ED1883F51CD0B07F00F9ACD1 /* 2 - Collectables */,
				ED1883F81CD0B07F00F9ACD1 /* 4 - Clouds */,
				ED1883FD1CD0B07F00F9ACD1 /* 5 - Fonts */,
				ED1883FF1CD0B07F00F9ACD1 /* 6 - Music */,
				ED1884041CD0B07F00F9ACD1 /* 7 - Backgrounds */,
				ED1884091CD0B07F00F9ACD1 /* 8 - Buttons */,
			);
			name = Assets;
			sourceTree = "<group>";
		};
		ED1883F01CD0B07F00F9ACD1 /* 1 - Pause Panel And Buttons */ = {
			isa = PBXGroup;
			children = (
				ED1883F11CD0B07F00F9ACD1 /* Pause Menu.png */,
				ED1883F21CD0B07F00F9ACD1 /* Quit Button 2.png */,
				ED1883F31CD0B07F00F9ACD1 /* Resume Button.png */,
				ED1883F41CD0B07F00F9ACD1 /* Show Score.png */,
			);
			path = "1 - Pause Panel And Buttons";
			sourceTree = "<group>";
		};
		ED1883F51CD0B07F00F9ACD1 /* 2 - Collectables */ = {
			isa = PBXGroup;
			children = (
				ED1883F61CD0B07F00F9ACD1 /* Coin.png */,
				ED1883F71CD0B07F00F9ACD1 /* Life.png */,
			);
			path = "2 - Collectables";
			sourceTree = "<group>";
		};
		ED1883F81CD0B07F00F9ACD1 /* 4 - Clouds */ = {
			isa = PBXGroup;
			children = (
				ED1883F91CD0B07F00F9ACD1 /* Cloud 1.png */,
				ED1883FA1CD0B07F00F9ACD1 /* Cloud 2.png */,
				ED1883FB1CD0B07F00F9ACD1 /* Cloud 3.png */,
				ED1883FC1CD0B07F00F9ACD1 /* Dark Cloud.png */,
			);
			path = "4 - Clouds";
			sourceTree = "<group>";
		};
		ED1883FD1CD0B07F00F9ACD1 /* 5 - Fonts */ = {
			isa = PBXGroup;
			children = (
				ED1883FE1CD0B07F00F9ACD1 /* blow.ttf */,
			);
			path = "5 - Fonts";
			sourceTree = "<group>";
		};
		ED1883FF1CD0B07F00F9ACD1 /* 6 - Music */ = {
			isa = PBXGroup;
			children = (
				ED1884001CD0B07F00F9ACD1 /* Background music.mp3 */,
				ED1884011CD0B07F00F9ACD1 /* Click Sound.wav */,
				ED1884021CD0B07F00F9ACD1 /* Coin Sound.wav */,
				ED1884031CD0B07F00F9ACD1 /* Life Sound.wav */,
			);
			path = "6 - Music";
			sourceTree = "<group>";
		};
		ED1884041CD0B07F00F9ACD1 /* 7 - Backgrounds */ = {
			isa = PBXGroup;
			children = (
				ED1884051CD0B07F00F9ACD1 /* Game BG.png */,
				ED1884061CD0B07F00F9ACD1 /* Highscore BG.png */,
				ED1884071CD0B07F00F9ACD1 /* Menu BG.png */,
				ED1884081CD0B07F00F9ACD1 /* Options BG.png */,
			);
			path = "7 - Backgrounds";
			sourceTree = "<group>";
		};
		ED1884091CD0B07F00F9ACD1 /* 8 - Buttons */ = {
			isa = PBXGroup;
			children = (
				ED18840A1CD0B07F00F9ACD1 /* 1 - Gameplay Buttons */,
				ED18840E1CD0B07F00F9ACD1 /* 2 - Options Buttons */,
				ED1884141CD0B07F00F9ACD1 /* 3 - Main Menu Buttons */,
			);
			path = "8 - Buttons";
			sourceTree = "<group>";
		};
		ED18840A1CD0B07F00F9ACD1 /* 1 - Gameplay Buttons */ = {
			isa = PBXGroup;
			children = (
				ED18840B1CD0B07F00F9ACD1 /* Pause Button.png */,
				ED18840C1CD0B07F00F9ACD1 /* Ready.png */,
				ED18840D1CD0B07F00F9ACD1 /* Score.png */,
			);
			path = "1 - Gameplay Buttons";
			sourceTree = "<group>";
		};
		ED18840E1CD0B07F00F9ACD1 /* 2 - Options Buttons */ = {
			isa = PBXGroup;
			children = (
				ED18840F1CD0B07F00F9ACD1 /* Back Button.png */,
				ED1884101CD0B07F00F9ACD1 /* Check Sign.png */,
				ED1884111CD0B07F00F9ACD1 /* Easy Button.png */,
				ED1884121CD0B07F00F9ACD1 /* Hard Button.png */,
				ED1884131CD0B07F00F9ACD1 /* Medium Button.png */,
			);
			path = "2 - Options Buttons";
			sourceTree = "<group>";
		};
		ED1884141CD0B07F00F9ACD1 /* 3 - Main Menu Buttons */ = {
			isa = PBXGroup;
			children = (
				ED1884151CD0B07F00F9ACD1 /* Highscore Button.png */,
				ED1884161CD0B07F00F9ACD1 /* Music Off Button.png */,
				ED1884171CD0B07F00F9ACD1 /* Music On Button.png */,
				ED1884181CD0B07F00F9ACD1 /* Options Button.png */,
				ED1884191CD0B07F00F9ACD1 /* Quit Button.png */,
				ED18841A1CD0B07F00F9ACD1 /* Start Game Button.png */,
			);
			path = "3 - Main Menu Buttons";
			sourceTree = "<group>";
		};
		ED18843C1CD0B29900F9ACD1 /* Scenes */ = {
			isa = PBXGroup;
			children = (
				ED18843D1CD0B2BA00F9ACD1 /* GameplayScene.sks */,
				EDC949EB1D0A8FF500EA0F1E /* MainMenuScene.sks */,
				EDC949EF1D0A963E00EA0F1E /* HishscoreScene.sks */,
				ED332DC41D0A9C5F00C2F266 /* OptionScene.sks */,
			);
			name = Scenes;
			sourceTree = "<group>";
		};
		ED223A681CE5E07900086C85 /* Clouds Classes */ = {
			isa = PBXGroup;
			children = (
				ED223A691CE5E09300086C85 /* CloudsController.swift */,
			);
			name = "Clouds Classes";
			sourceTree = "<group>";
		};
		ED709EBD1CDCC5E60069F81E /* Background Class */ = {
			isa = PBXGroup;
			children = (
				ED709EBE1CDCC63F0069F81E /* BGClass.swift */,
			);
			name = "Background Class";
			sourceTree = "<group>";
		};
		ED93B6411CD883BD00E160A2 /* Game Classes */ = {
			isa = PBXGroup;
			children = (
				ED709EBD1CDCC5E60069F81E /* Background Class */,
				ED223A681CE5E07900086C85 /* Clouds Classes */,
				ED93B6451CD885ED00E160A2 /* Player Class */,
				ED93B6421CD883CB00E160A2 /* Scene Classes */,
			);
			name = "Game Classes";
			sourceTree = "<group>";
		};
		ED93B6421CD883CB00E160A2 /* Scene Classes */ = {
			isa = PBXGroup;
			children = (
				EDC949ED1D0A956C00EA0F1E /* MainMenuScene.swift */,
				ED93B6431CD883E600E160A2 /* GameplayScene.swift */,
			);
			name = "Scene Classes";
			sourceTree = "<group>";
		};
		ED93B6451CD885ED00E160A2 /* Player Class */ = {
			isa = PBXGroup;
			children = (
				ED93B6461CD885FB00E160A2 /* Player.swift */,
			);
			name = "Player Class";
			sourceTree = "<group>";
		};
		EDB8E7EF1CD8B5DA002F8C41 /* Player */ = {
			isa = PBXGroup;
			children = (
				EDB8E7F01CD8B5DA002F8C41 /* Player 1.png */,
				EDB8E7F11CD8B5DA002F8C41 /* Player 2.png */,
				EDB8E7F21CD8B5DA002F8C41 /* Player 3.png */,
				EDB8E7F31CD8B5DA002F8C41 /* Player 4.png */,
				EDB8E7F41CD8B5DA002F8C41 /* Player 5.png */,
				EDB8E7F51CD8B5DA002F8C41 /* Player 6.png */,
				EDB8E7F61CD8B5DA002F8C41 /* Player 7.png */,
				EDB8E7F71CD8B5DA002F8C41 /* Player 8.png */,
			);
			name = Player;
			path = "3 - Player";
			sourceTree = "<group>";
		};
/* End PBXGroup section */

/* Begin PBXNativeTarget section */
		ED1883B71CD09D0900F9ACD1 /* Bruni The Bear */ = {
			isa = PBXNativeTarget;
			buildConfigurationList = ED1883E41CD09D0900F9ACD1 /* Build configuration list for PBXNativeTarget "Bruni The Bear" */;
			buildPhases = (
				ED1883B41CD09D0900F9ACD1 /* Sources */,
				ED1883B51CD09D0900F9ACD1 /* Frameworks */,
				ED1883B61CD09D0900F9ACD1 /* Resources */,
			);
			buildRules = (
			);
			dependencies = (
			);
			name = "Bruni The Bear";
			productName = "Bruni The Bear";
			productReference = ED1883B81CD09D0900F9ACD1 /* Bruni The Bear.app */;
			productType = "com.apple.product-type.application";
		};
		ED1883CF1CD09D0900F9ACD1 /* Bruni The BearTests */ = {
			isa = PBXNativeTarget;
			buildConfigurationList = ED1883E71CD09D0900F9ACD1 /* Build configuration list for PBXNativeTarget "Bruni The BearTests" */;
			buildPhases = (
				ED1883CC1CD09D0900F9ACD1 /* Sources */,
				ED1883CD1CD09D0900F9ACD1 /* Frameworks */,
				ED1883CE1CD09D0900F9ACD1 /* Resources */,
			);
			buildRules = (
			);
			dependencies = (
				ED1883D21CD09D0900F9ACD1 /* PBXTargetDependency */,
			);
			name = "Bruni The BearTests";
			productName = "Bruni The BearTests";
			productReference = ED1883D01CD09D0900F9ACD1 /* Bruni The BearTests.xctest */;
			productType = "com.apple.product-type.bundle.unit-test";
		};
		ED1883DA1CD09D0900F9ACD1 /* Bruni The BearUITests */ = {
			isa = PBXNativeTarget;
			buildConfigurationList = ED1883EA1CD09D0900F9ACD1 /* Build configuration list for PBXNativeTarget "Bruni The BearUITests" */;
			buildPhases = (
				ED1883D71CD09D0900F9ACD1 /* Sources */,
				ED1883D81CD09D0900F9ACD1 /* Frameworks */,
				ED1883D91CD09D0900F9ACD1 /* Resources */,
			);
			buildRules = (
			);
			dependencies = (
				ED1883DD1CD09D0900F9ACD1 /* PBXTargetDependency */,
			);
			name = "Bruni The BearUITests";
			productName = "Bruni The BearUITests";
			productReference = ED1883DB1CD09D0900F9ACD1 /* Bruni The BearUITests.xctest */;
			productType = "com.apple.product-type.bundle.ui-testing";
		};
/* End PBXNativeTarget section */

/* Begin PBXProject section */
		ED1883B01CD09D0900F9ACD1 /* Project object */ = {
			isa = PBXProject;
			attributes = {
				LastSwiftUpdateCheck = 0720;
				LastUpgradeCheck = 0720;
				ORGANIZATIONNAME = "Lorenzo Franceschini";
				TargetAttributes = {
					ED1883B71CD09D0900F9ACD1 = {
						CreatedOnToolsVersion = 7.2;
						DevelopmentTeam = FQ8ACGV9YM;
					};
					ED1883CF1CD09D0900F9ACD1 = {
						CreatedOnToolsVersion = 7.2;
						DevelopmentTeam = FQ8ACGV9YM;
						TestTargetID = ED1883B71CD09D0900F9ACD1;
					};
					ED1883DA1CD09D0900F9ACD1 = {
						CreatedOnToolsVersion = 7.2;
						DevelopmentTeam = FQ8ACGV9YM;
						TestTargetID = ED1883B71CD09D0900F9ACD1;
					};
				};
			};
			buildConfigurationList = ED1883B31CD09D0900F9ACD1 /* Build configuration list for PBXProject "Bruni The Bear" */;
			compatibilityVersion = "Xcode 3.2";
			developmentRegion = English;
			hasScannedForEncodings = 0;
			knownRegions = (
				en,
				Base,
			);
			mainGroup = ED1883AF1CD09D0900F9ACD1;
			productRefGroup = ED1883B91CD09D0900F9ACD1 /* Products */;
			projectDirPath = "";
			projectRoot = "";
			targets = (
				ED1883B71CD09D0900F9ACD1 /* Bruni The Bear */,
				ED1883CF1CD09D0900F9ACD1 /* Bruni The BearTests */,
				ED1883DA1CD09D0900F9ACD1 /* Bruni The BearUITests */,
			);
		};
/* End PBXProject section */

/* Begin PBXResourcesBuildPhase section */
		ED1883B61CD09D0900F9ACD1 /* Resources */ = {
			isa = PBXResourcesBuildPhase;
			buildActionMask = 2147483647;
			files = (
				ED1884281CD0B07F00F9ACD1 /* Coin Sound.wav in Resources */,
				EDB8E7FE1CD8B5DA002F8C41 /* Player 7.png in Resources */,
				ED1884291CD0B07F00F9ACD1 /* Life Sound.wav in Resources */,
				ED1884241CD0B07F00F9ACD1 /* Dark Cloud.png in Resources */,
				ED18842F1CD0B07F00F9ACD1 /* Ready.png in Resources */,
				ED18842D1CD0B07F00F9ACD1 /* Options BG.png in Resources */,
				EDB8E7FA1CD8B5DA002F8C41 /* Player 3.png in Resources */,
				EDC949F01D0A963E00EA0F1E /* HishscoreScene.sks in Resources */,
				ED1884391CD0B07F00F9ACD1 /* Options Button.png in Resources */,
				ED1884341CD0B07F00F9ACD1 /* Hard Button.png in Resources */,
				ED18841F1CD0B07F00F9ACD1 /* Coin.png in Resources */,
				ED18841B1CD0B07F00F9ACD1 /* Pause Menu.png in Resources */,
				ED18842A1CD0B07F00F9ACD1 /* Game BG.png in Resources */,
				ED18842B1CD0B07F00F9ACD1 /* Highscore BG.png in Resources */,
				ED1884261CD0B07F00F9ACD1 /* Background music.mp3 in Resources */,
				ED18841D1CD0B07F00F9ACD1 /* Resume Button.png in Resources */,
				ED1883BE1CD09D0900F9ACD1 /* GameScene_OLD.sks in Resources */,
				ED1884271CD0B07F00F9ACD1 /* Click Sound.wav in Resources */,
				ED1884251CD0B07F00F9ACD1 /* blow.ttf in Resources */,
				EDB8E7FD1CD8B5DA002F8C41 /* Player 6.png in Resources */,
				EDB8E7FC1CD8B5DA002F8C41 /* Player 5.png in Resources */,
				ED1884371CD0B07F00F9ACD1 /* Music Off Button.png in Resources */,
				ED18842E1CD0B07F00F9ACD1 /* Pause Button.png in Resources */,
				ED1883CA1CD09D0900F9ACD1 /* LaunchScreen.storyboard in Resources */,
				EDC949EC1D0A8FF500EA0F1E /* MainMenuScene.sks in Resources */,
				ED1884231CD0B07F00F9ACD1 /* Cloud 3.png in Resources */,
				ED1883C71CD09D0900F9ACD1 /* Assets.xcassets in Resources */,
				ED18843A1CD0B07F00F9ACD1 /* Quit Button.png in Resources */,
				EDB8E7FB1CD8B5DA002F8C41 /* Player 4.png in Resources */,
				ED18843E1CD0B2BA00F9ACD1 /* GameplayScene.sks in Resources */,
				ED332DC51D0A9C5F00C2F266 /* OptionScene.sks in Resources */,
				ED1883C51CD09D0900F9ACD1 /* Main.storyboard in Resources */,
				ED1884311CD0B07F00F9ACD1 /* Back Button.png in Resources */,
				ED1884321CD0B07F00F9ACD1 /* Check Sign.png in Resources */,
				ED1884221CD0B07F00F9ACD1 /* Cloud 2.png in Resources */,
				ED1884201CD0B07F00F9ACD1 /* Life.png in Resources */,
				ED18841E1CD0B07F00F9ACD1 /* Show Score.png in Resources */,
				ED1884351CD0B07F00F9ACD1 /* Medium Button.png in Resources */,
				ED1884301CD0B07F00F9ACD1 /* Score.png in Resources */,
				ED1884331CD0B07F00F9ACD1 /* Easy Button.png in Resources */,
				ED18841C1CD0B07F00F9ACD1 /* Quit Button 2.png in Resources */,
				ED1884381CD0B07F00F9ACD1 /* Music On Button.png in Resources */,
				ED18842C1CD0B07F00F9ACD1 /* Menu BG.png in Resources */,
				EDB8E7F91CD8B5DA002F8C41 /* Player 2.png in Resources */,
				ED1884211CD0B07F00F9ACD1 /* Cloud 1.png in Resources */,
				EDB8E7F81CD8B5DA002F8C41 /* Player 1.png in Resources */,
				EDB8E7FF1CD8B5DA002F8C41 /* Player 8.png in Resources */,
				ED1884361CD0B07F00F9ACD1 /* Highscore Button.png in Resources */,
				ED18843B1CD0B07F00F9ACD1 /* Start Game Button.png in Resources */,
			);
			runOnlyForDeploymentPostprocessing = 0;
		};
		ED1883CE1CD09D0900F9ACD1 /* Resources */ = {
			isa = PBXResourcesBuildPhase;
			buildActionMask = 2147483647;
			files = (
			);
			runOnlyForDeploymentPostprocessing = 0;
		};
		ED1883D91CD09D0900F9ACD1 /* Resources */ = {
			isa = PBXResourcesBuildPhase;
			buildActionMask = 2147483647;
			files = (
			);
			runOnlyForDeploymentPostprocessing = 0;
		};
/* End PBXResourcesBuildPhase section */

/* Begin PBXSourcesBuildPhase section */
		ED1883B41CD09D0900F9ACD1 /* Sources */ = {
			isa = PBXSourcesBuildPhase;
			buildActionMask = 2147483647;
			files = (
				ED93B6441CD883E600E160A2 /* GameplayScene.swift in Sources */,
				ED223A6A1CE5E09300086C85 /* CloudsController.swift in Sources */,
				ED1883C01CD09D0900F9ACD1 /* GameScene.OLD.swift in Sources */,
				ED1883C21CD09D0900F9ACD1 /* GameViewController.swift in Sources */,
				ED93B6471CD885FB00E160A2 /* Player.swift in Sources */,
				ED1883BC1CD09D0900F9ACD1 /* AppDelegate.swift in Sources */,
				EDC949EE1D0A956C00EA0F1E /* MainMenuScene.swift in Sources */,
				ED709EBF1CDCC63F0069F81E /* BGClass.swift in Sources */,
			);
			runOnlyForDeploymentPostprocessing = 0;
		};
		ED1883CC1CD09D0900F9ACD1 /* Sources */ = {
			isa = PBXSourcesBuildPhase;
			buildActionMask = 2147483647;
			files = (
				ED1883D51CD09D0900F9ACD1 /* Bruni_The_BearTests.swift in Sources */,
			);
			runOnlyForDeploymentPostprocessing = 0;
		};
		ED1883D71CD09D0900F9ACD1 /* Sources */ = {
			isa = PBXSourcesBuildPhase;
			buildActionMask = 2147483647;
			files = (
				ED1883E01CD09D0900F9ACD1 /* Bruni_The_BearUITests.swift in Sources */,
			);
			runOnlyForDeploymentPostprocessing = 0;
		};
/* End PBXSourcesBuildPhase section */

/* Begin PBXTargetDependency section */
		ED1883D21CD09D0900F9ACD1 /* PBXTargetDependency */ = {
			isa = PBXTargetDependency;
			target = ED1883B71CD09D0900F9ACD1 /* Bruni The Bear */;
			targetProxy = ED1883D11CD09D0900F9ACD1 /* PBXContainerItemProxy */;
		};
		ED1883DD1CD09D0900F9ACD1 /* PBXTargetDependency */ = {
			isa = PBXTargetDependency;
			target = ED1883B71CD09D0900F9ACD1 /* Bruni The Bear */;
			targetProxy = ED1883DC1CD09D0900F9ACD1 /* PBXContainerItemProxy */;
		};
/* End PBXTargetDependency section */

/* Begin PBXVariantGroup section */
		ED1883C31CD09D0900F9ACD1 /* Main.storyboard */ = {
			isa = PBXVariantGroup;
			children = (
				ED1883C41CD09D0900F9ACD1 /* Base */,
			);
			name = Main.storyboard;
			sourceTree = "<group>";
		};
		ED1883C81CD09D0900F9ACD1 /* LaunchScreen.storyboard */ = {
			isa = PBXVariantGroup;
			children = (
				ED1883C91CD09D0900F9ACD1 /* Base */,
			);
			name = LaunchScreen.storyboard;
			sourceTree = "<group>";
		};
/* End PBXVariantGroup section */

/* Begin XCBuildConfiguration section */
		ED1883E21CD09D0900F9ACD1 /* Debug */ = {
			isa = XCBuildConfiguration;
			buildSettings = {
				ALWAYS_SEARCH_USER_PATHS = NO;
				CLANG_CXX_LANGUAGE_STANDARD = "gnu++0x";
				CLANG_CXX_LIBRARY = "libc++";
				CLANG_ENABLE_MODULES = YES;
				CLANG_ENABLE_OBJC_ARC = YES;
				CLANG_WARN_BOOL_CONVERSION = YES;
				CLANG_WARN_CONSTANT_CONVERSION = YES;
				CLANG_WARN_DIRECT_OBJC_ISA_USAGE = YES_ERROR;
				CLANG_WARN_EMPTY_BODY = YES;
				CLANG_WARN_ENUM_CONVERSION = YES;
				CLANG_WARN_INT_CONVERSION = YES;
				CLANG_WARN_OBJC_ROOT_CLASS = YES_ERROR;
				CLANG_WARN_UNREACHABLE_CODE = YES;
				CLANG_WARN__DUPLICATE_METHOD_MATCH = YES;
				"CODE_SIGN_IDENTITY[sdk=iphoneos*]" = "iPhone Developer";
				COPY_PHASE_STRIP = NO;
				DEBUG_INFORMATION_FORMAT = "dwarf-with-dsym";
				ENABLE_STRICT_OBJC_MSGSEND = YES;
				ENABLE_TESTABILITY = YES;
				GCC_C_LANGUAGE_STANDARD = gnu99;
				GCC_DYNAMIC_NO_PIC = NO;
				GCC_NO_COMMON_BLOCKS = YES;
				GCC_OPTIMIZATION_LEVEL = 0;
				GCC_PREPROCESSOR_DEFINITIONS = (
					"DEBUG=1",
					"$(inherited)",
				);
				GCC_WARN_64_TO_32_BIT_CONVERSION = YES;
				GCC_WARN_ABOUT_RETURN_TYPE = YES_ERROR;
				GCC_WARN_UNDECLARED_SELECTOR = YES;
				GCC_WARN_UNINITIALIZED_AUTOS = YES_AGGRESSIVE;
				GCC_WARN_UNUSED_FUNCTION = YES;
				GCC_WARN_UNUSED_VARIABLE = YES;
				IPHONEOS_DEPLOYMENT_TARGET = 9.2;
				MTL_ENABLE_DEBUG_INFO = YES;
				ONLY_ACTIVE_ARCH = YES;
				SDKROOT = iphoneos;
				SWIFT_OPTIMIZATION_LEVEL = "-Onone";
			};
			name = Debug;
		};
		ED1883E31CD09D0900F9ACD1 /* Release */ = {
			isa = XCBuildConfiguration;
			buildSettings = {
				ALWAYS_SEARCH_USER_PATHS = NO;
				CLANG_CXX_LANGUAGE_STANDARD = "gnu++0x";
				CLANG_CXX_LIBRARY = "libc++";
				CLANG_ENABLE_MODULES = YES;
				CLANG_ENABLE_OBJC_ARC = YES;
				CLANG_WARN_BOOL_CONVERSION = YES;
				CLANG_WARN_CONSTANT_CONVERSION = YES;
				CLANG_WARN_DIRECT_OBJC_ISA_USAGE = YES_ERROR;
				CLANG_WARN_EMPTY_BODY = YES;
				CLANG_WARN_ENUM_CONVERSION = YES;
				CLANG_WARN_INT_CONVERSION = YES;
				CLANG_WARN_OBJC_ROOT_CLASS = YES_ERROR;
				CLANG_WARN_UNREACHABLE_CODE = YES;
				CLANG_WARN__DUPLICATE_METHOD_MATCH = YES;
				"CODE_SIGN_IDENTITY[sdk=iphoneos*]" = "iPhone Developer";
				COPY_PHASE_STRIP = NO;
				DEBUG_INFORMATION_FORMAT = "dwarf-with-dsym";
				ENABLE_NS_ASSERTIONS = NO;
				ENABLE_STRICT_OBJC_MSGSEND = YES;
				GCC_C_LANGUAGE_STANDARD = gnu99;
				GCC_NO_COMMON_BLOCKS = YES;
				GCC_WARN_64_TO_32_BIT_CONVERSION = YES;
				GCC_WARN_ABOUT_RETURN_TYPE = YES_ERROR;
				GCC_WARN_UNDECLARED_SELECTOR = YES;
				GCC_WARN_UNINITIALIZED_AUTOS = YES_AGGRESSIVE;
				GCC_WARN_UNUSED_FUNCTION = YES;
				GCC_WARN_UNUSED_VARIABLE = YES;
				IPHONEOS_DEPLOYMENT_TARGET = 9.2;
				MTL_ENABLE_DEBUG_INFO = NO;
				SDKROOT = iphoneos;
				VALIDATE_PRODUCT = YES;
			};
			name = Release;
		};
		ED1883E51CD09D0900F9ACD1 /* Debug */ = {
			isa = XCBuildConfiguration;
			buildSettings = {
				ASSETCATALOG_COMPILER_APPICON_NAME = AppIcon;
				INFOPLIST_FILE = "Bruni The Bear/Info.plist";
				LD_RUNPATH_SEARCH_PATHS = "$(inherited) @executable_path/Frameworks";
				PRODUCT_BUNDLE_IDENTIFIER = "com.lorenzofranceschini.Bruni-The-Bear";
				PRODUCT_NAME = "$(TARGET_NAME)";
				TARGETED_DEVICE_FAMILY = "1,2";
			};
			name = Debug;
		};
		ED1883E61CD09D0900F9ACD1 /* Release */ = {
			isa = XCBuildConfiguration;
			buildSettings = {
				ASSETCATALOG_COMPILER_APPICON_NAME = AppIcon;
				INFOPLIST_FILE = "Bruni The Bear/Info.plist";
				LD_RUNPATH_SEARCH_PATHS = "$(inherited) @executable_path/Frameworks";
				PRODUCT_BUNDLE_IDENTIFIER = "com.lorenzofranceschini.Bruni-The-Bear";
				PRODUCT_NAME = "$(TARGET_NAME)";
				TARGETED_DEVICE_FAMILY = "1,2";
			};
			name = Release;
		};
		ED1883E81CD09D0900F9ACD1 /* Debug */ = {
			isa = XCBuildConfiguration;
			buildSettings = {
				BUNDLE_LOADER = "$(TEST_HOST)";
				DEBUG_INFORMATION_FORMAT = dwarf;
				INFOPLIST_FILE = "Bruni The BearTests/Info.plist";
				LD_RUNPATH_SEARCH_PATHS = "$(inherited) @executable_path/Frameworks @loader_path/Frameworks";
				PRODUCT_BUNDLE_IDENTIFIER = "com.lorenzofranceschini.Bruni-The-BearTests";
				PRODUCT_NAME = "$(TARGET_NAME)";
				TEST_HOST = "$(BUILT_PRODUCTS_DIR)/Bruni The Bear.app/Bruni The Bear";
			};
			name = Debug;
		};
		ED1883E91CD09D0900F9ACD1 /* Release */ = {
			isa = XCBuildConfiguration;
			buildSettings = {
				BUNDLE_LOADER = "$(TEST_HOST)";
				INFOPLIST_FILE = "Bruni The BearTests/Info.plist";
				LD_RUNPATH_SEARCH_PATHS = "$(inherited) @executable_path/Frameworks @loader_path/Frameworks";
				PRODUCT_BUNDLE_IDENTIFIER = "com.lorenzofranceschini.Bruni-The-BearTests";
				PRODUCT_NAME = "$(TARGET_NAME)";
				TEST_HOST = "$(BUILT_PRODUCTS_DIR)/Bruni The Bear.app/Bruni The Bear";
			};
			name = Release;
		};
		ED1883EB1CD09D0900F9ACD1 /* Debug */ = {
			isa = XCBuildConfiguration;
			buildSettings = {
				DEBUG_INFORMATION_FORMAT = dwarf;
				INFOPLIST_FILE = "Bruni The BearUITests/Info.plist";
				LD_RUNPATH_SEARCH_PATHS = "$(inherited) @executable_path/Frameworks @loader_path/Frameworks";
				PRODUCT_BUNDLE_IDENTIFIER = "com.lorenzofranceschini.Bruni-The-BearUITests";
				PRODUCT_NAME = "$(TARGET_NAME)";
				TEST_TARGET_NAME = "Bruni The Bear";
				USES_XCTRUNNER = YES;
			};
			name = Debug;
		};
		ED1883EC1CD09D0900F9ACD1 /* Release */ = {
			isa = XCBuildConfiguration;
			buildSettings = {
				INFOPLIST_FILE = "Bruni The BearUITests/Info.plist";
				LD_RUNPATH_SEARCH_PATHS = "$(inherited) @executable_path/Frameworks @loader_path/Frameworks";
				PRODUCT_BUNDLE_IDENTIFIER = "com.lorenzofranceschini.Bruni-The-BearUITests";
				PRODUCT_NAME = "$(TARGET_NAME)";
				TEST_TARGET_NAME = "Bruni The Bear";
				USES_XCTRUNNER = YES;
			};
			name = Release;
		};
/* End XCBuildConfiguration section */

/* Begin XCConfigurationList section */
		ED1883B31CD09D0900F9ACD1 /* Build configuration list for PBXProject "Bruni The Bear" */ = {
			isa = XCConfigurationList;
			buildConfigurations = (
				ED1883E21CD09D0900F9ACD1 /* Debug */,
				ED1883E31CD09D0900F9ACD1 /* Release */,
			);
			defaultConfigurationIsVisible = 0;
			defaultConfigurationName = Release;
		};
		ED1883E41CD09D0900F9ACD1 /* Build configuration list for PBXNativeTarget "Bruni The Bear" */ = {
			isa = XCConfigurationList;
			buildConfigurations = (
				ED1883E51CD09D0900F9ACD1 /* Debug */,
				ED1883E61CD09D0900F9ACD1 /* Release */,
			);
			defaultConfigurationIsVisible = 0;
			defaultConfigurationName = Release;
		};
		ED1883E71CD09D0900F9ACD1 /* Build configuration list for PBXNativeTarget "Bruni The BearTests" */ = {
			isa = XCConfigurationList;
			buildConfigurations = (
				ED1883E81CD09D0900F9ACD1 /* Debug */,
				ED1883E91CD09D0900F9ACD1 /* Release */,
			);
			defaultConfigurationIsVisible = 0;
			defaultConfigurationName = Release;
		};
		ED1883EA1CD09D0900F9ACD1 /* Build configuration list for PBXNativeTarget "Bruni The BearUITests" */ = {
			isa = XCConfigurationList;
			buildConfigurations = (
				ED1883EB1CD09D0900F9ACD1 /* Debug */,
				ED1883EC1CD09D0900F9ACD1 /* Release */,
			);
			defaultConfigurationIsVisible = 0;
			defaultConfigurationName = Release;
		};
/* End XCConfigurationList section */
	};
	rootObject = ED1883B01CD09D0900F9ACD1 /* Project object */;
}
